// !$*UTF8*$!
{
	archiveVersion = 1;
	classes = {
	};
	objectVersion = 46;
	objects = {

/* Begin PBXBuildFile section */
		8BC36E811EA9E055002C6A2C /* AppDelegate.swift in Sources */ = {isa = PBXBuildFile; fileRef = 8BC36E801EA9E055002C6A2C /* AppDelegate.swift */; };
		8BC36E831EA9E055002C6A2C /* ViewController.swift in Sources */ = {isa = PBXBuildFile; fileRef = 8BC36E821EA9E055002C6A2C /* ViewController.swift */; };
		8BC36E861EA9E055002C6A2C /* Main.storyboard in Resources */ = {isa = PBXBuildFile; fileRef = 8BC36E841EA9E055002C6A2C /* Main.storyboard */; };
		8BC36E881EA9E055002C6A2C /* Assets.xcassets in Resources */ = {isa = PBXBuildFile; fileRef = 8BC36E871EA9E055002C6A2C /* Assets.xcassets */; };
		8BC36E8B1EA9E055002C6A2C /* LaunchScreen.storyboard in Resources */ = {isa = PBXBuildFile; fileRef = 8BC36E891EA9E055002C6A2C /* LaunchScreen.storyboard */; };
		8BC36EA71EA9E087002C6A2C /* bg_blue@2x.png in Resources */ = {isa = PBXBuildFile; fileRef = 8BC36E941EA9E087002C6A2C /* bg_blue@2x.png */; };
		8BC36EA81EA9E087002C6A2C /* bg_gold@2x.png in Resources */ = {isa = PBXBuildFile; fileRef = 8BC36E951EA9E087002C6A2C /* bg_gold@2x.png */; };
		8BC36EA91EA9E087002C6A2C /* bg_red@2x.png in Resources */ = {isa = PBXBuildFile; fileRef = 8BC36E961EA9E087002C6A2C /* bg_red@2x.png */; };
		8BC36EAA1EA9E087002C6A2C /* gacha@2x.png in Resources */ = {isa = PBXBuildFile; fileRef = 8BC36E971EA9E087002C6A2C /* gacha@2x.png */; };
		8BC36EAB1EA9E087002C6A2C /* Default-568h@2x.png in Resources */ = {isa = PBXBuildFile; fileRef = 8BC36E991EA9E087002C6A2C /* Default-568h@2x.png */; };
		8BC36EAC1EA9E087002C6A2C /* Default-667h@2x.png in Resources */ = {isa = PBXBuildFile; fileRef = 8BC36E9A1EA9E087002C6A2C /* Default-667h@2x.png */; };
		8BC36EAD1EA9E087002C6A2C /* Default-736h@3x.png in Resources */ = {isa = PBXBuildFile; fileRef = 8BC36E9B1EA9E087002C6A2C /* Default-736h@3x.png */; };
		8BC36EAE1EA9E087002C6A2C /* monster001.png in Resources */ = {isa = PBXBuildFile; fileRef = 8BC36E9D1EA9E087002C6A2C /* monster001.png */; };
		8BC36EAF1EA9E087002C6A2C /* monster002.png in Resources */ = {isa = PBXBuildFile; fileRef = 8BC36E9E1EA9E087002C6A2C /* monster002.png */; };
		8BC36EB01EA9E087002C6A2C /* monster003.png in Resources */ = {isa = PBXBuildFile; fileRef = 8BC36E9F1EA9E087002C6A2C /* monster003.png */; };
		8BC36EB11EA9E087002C6A2C /* monster004.png in Resources */ = {isa = PBXBuildFile; fileRef = 8BC36EA01EA9E087002C6A2C /* monster004.png */; };
		8BC36EB21EA9E087002C6A2C /* monster005.png in Resources */ = {isa = PBXBuildFile; fileRef = 8BC36EA11EA9E087002C6A2C /* monster005.png */; };
		8BC36EB31EA9E087002C6A2C /* monster006.png in Resources */ = {isa = PBXBuildFile; fileRef = 8BC36EA21EA9E087002C6A2C /* monster006.png */; };
		8BC36EB41EA9E087002C6A2C /* monster007.png in Resources */ = {isa = PBXBuildFile; fileRef = 8BC36EA31EA9E087002C6A2C /* monster007.png */; };
		8BC36EB51EA9E087002C6A2C /* monster008.png in Resources */ = {isa = PBXBuildFile; fileRef = 8BC36EA41EA9E087002C6A2C /* monster008.png */; };
		8BC36EB61EA9E087002C6A2C /* monster009.png in Resources */ = {isa = PBXBuildFile; fileRef = 8BC36EA51EA9E087002C6A2C /* monster009.png */; };
		8BC36EB71EA9E087002C6A2C /* monster010.png in Resources */ = {isa = PBXBuildFile; fileRef = 8BC36EA61EA9E087002C6A2C /* monster010.png */; };
		8BC36EB91EA9E494002C6A2C /* ResultViewController.swift in Sources */ = {isa = PBXBuildFile; fileRef = 8BC36EB81EA9E494002C6A2C /* ResultViewController.swift */; };
/* End PBXBuildFile section */

/* Begin PBXFileReference section */
		8BC36E7D1EA9E055002C6A2C /* GachaTech.app */ = {isa = PBXFileReference; explicitFileType = wrapper.application; includeInIndex = 0; path = GachaTech.app; sourceTree = BUILT_PRODUCTS_DIR; };
		8BC36E801EA9E055002C6A2C /* AppDelegate.swift */ = {isa = PBXFileReference; lastKnownFileType = sourcecode.swift; path = AppDelegate.swift; sourceTree = "<group>"; };
		8BC36E821EA9E055002C6A2C /* ViewController.swift */ = {isa = PBXFileReference; lastKnownFileType = sourcecode.swift; path = ViewController.swift; sourceTree = "<group>"; };
		8BC36E851EA9E055002C6A2C /* Base */ = {isa = PBXFileReference; lastKnownFileType = file.storyboard; name = Base; path = Base.lproj/Main.storyboard; sourceTree = "<group>"; };
		8BC36E871EA9E055002C6A2C /* Assets.xcassets */ = {isa = PBXFileReference; lastKnownFileType = folder.assetcatalog; path = Assets.xcassets; sourceTree = "<group>"; };
		8BC36E8A1EA9E055002C6A2C /* Base */ = {isa = PBXFileReference; lastKnownFileType = file.storyboard; name = Base; path = Base.lproj/LaunchScreen.storyboard; sourceTree = "<group>"; };
		8BC36E8C1EA9E055002C6A2C /* Info.plist */ = {isa = PBXFileReference; lastKnownFileType = text.plist.xml; path = Info.plist; sourceTree = "<group>"; };
		8BC36E941EA9E087002C6A2C /* bg_blue@2x.png */ = {isa = PBXFileReference; lastKnownFileType = image.png; path = "bg_blue@2x.png"; sourceTree = "<group>"; };
		8BC36E951EA9E087002C6A2C /* bg_gold@2x.png */ = {isa = PBXFileReference; lastKnownFileType = image.png; path = "bg_gold@2x.png"; sourceTree = "<group>"; };
		8BC36E961EA9E087002C6A2C /* bg_red@2x.png */ = {isa = PBXFileReference; lastKnownFileType = image.png; path = "bg_red@2x.png"; sourceTree = "<group>"; };
		8BC36E971EA9E087002C6A2C /* gacha@2x.png */ = {isa = PBXFileReference; lastKnownFileType = image.png; path = "gacha@2x.png"; sourceTree = "<group>"; };
		8BC36E991EA9E087002C6A2C /* Default-568h@2x.png */ = {isa = PBXFileReference; lastKnownFileType = image.png; path = "Default-568h@2x.png"; sourceTree = "<group>"; };
		8BC36E9A1EA9E087002C6A2C /* Default-667h@2x.png */ = {isa = PBXFileReference; lastKnownFileType = image.png; path = "Default-667h@2x.png"; sourceTree = "<group>"; };
		8BC36E9B1EA9E087002C6A2C /* Default-736h@3x.png */ = {isa = PBXFileReference; lastKnownFileType = image.png; path = "Default-736h@3x.png"; sourceTree = "<group>"; };
		8BC36E9D1EA9E087002C6A2C /* monster001.png */ = {isa = PBXFileReference; lastKnownFileType = image.png; path = monster001.png; sourceTree = "<group>"; };
		8BC36E9E1EA9E087002C6A2C /* monster002.png */ = {isa = PBXFileReference; lastKnownFileType = image.png; path = monster002.png; sourceTree = "<group>"; };
		8BC36E9F1EA9E087002C6A2C /* monster003.png */ = {isa = PBXFileReference; lastKnownFileType = image.png; path = monster003.png; sourceTree = "<group>"; };
		8BC36EA01EA9E087002C6A2C /* monster004.png */ = {isa = PBXFileReference; lastKnownFileType = image.png; path = monster004.png; sourceTree = "<group>"; };
		8BC36EA11EA9E087002C6A2C /* monster005.png */ = {isa = PBXFileReference; lastKnownFileType = image.png; path = monster005.png; sourceTree = "<group>"; };
		8BC36EA21EA9E087002C6A2C /* monster006.png */ = {isa = PBXFileReference; lastKnownFileType = image.png; path = monster006.png; sourceTree = "<group>"; };
		8BC36EA31EA9E087002C6A2C /* monster007.png */ = {isa = PBXFileReference; lastKnownFileType = image.png; path = monster007.png; sourceTree = "<group>"; };
		8BC36EA41EA9E087002C6A2C /* monster008.png */ = {isa = PBXFileReference; lastKnownFileType = image.png; path = monster008.png; sourceTree = "<group>"; };
		8BC36EA51EA9E087002C6A2C /* monster009.png */ = {isa = PBXFileReference; lastKnownFileType = image.png; path = monster009.png; sourceTree = "<group>"; };
		8BC36EA61EA9E087002C6A2C /* monster010.png */ = {isa = PBXFileReference; lastKnownFileType = image.png; path = monster010.png; sourceTree = "<group>"; };
		8BC36EB81EA9E494002C6A2C /* ResultViewController.swift */ = {isa = PBXFileReference; fileEncoding = 4; lastKnownFileType = sourcecode.swift; path = ResultViewController.swift; sourceTree = "<group>"; };
/* End PBXFileReference section */

/* Begin PBXFrameworksBuildPhase section */
		8BC36E7A1EA9E055002C6A2C /* Frameworks */ = {
			isa = PBXFrameworksBuildPhase;
			buildActionMask = 2147483647;
			files = (
			);
			runOnlyForDeploymentPostprocessing = 0;
		};
/* End PBXFrameworksBuildPhase section */

/* Begin PBXGroup section */
		8BC36E741EA9E055002C6A2C = {
			isa = PBXGroup;
			children = (
				8BC36E7F1EA9E055002C6A2C /* GachaTech */,
				8BC36E7E1EA9E055002C6A2C /* Products */,
			);
			sourceTree = "<group>";
		};
		8BC36E7E1EA9E055002C6A2C /* Products */ = {
			isa = PBXGroup;
			children = (
				8BC36E7D1EA9E055002C6A2C /* GachaTech.app */,
			);
			name = Products;
			sourceTree = "<group>";
		};
		8BC36E7F1EA9E055002C6A2C /* GachaTech */ = {
			isa = PBXGroup;
			children = (
				8BC36E921EA9E087002C6A2C /* GachaResources */,
				8BC36E801EA9E055002C6A2C /* AppDelegate.swift */,
				8BC36E821EA9E055002C6A2C /* ViewController.swift */,
				8BC36E841EA9E055002C6A2C /* Main.storyboard */,
				8BC36EB81EA9E494002C6A2C /* ResultViewController.swift */,
				8BC36E871EA9E055002C6A2C /* Assets.xcassets */,
				8BC36E891EA9E055002C6A2C /* LaunchScreen.storyboard */,
				8BC36E8C1EA9E055002C6A2C /* Info.plist */,
			);
			path = GachaTech;
			sourceTree = "<group>";
		};
		8BC36E921EA9E087002C6A2C /* GachaResources */ = {
			isa = PBXGroup;
			children = (
				8BC36E931EA9E087002C6A2C /* background */,
				8BC36E981EA9E087002C6A2C /* Defaults */,
				8BC36E9C1EA9E087002C6A2C /* monster */,
			);
			path = GachaResources;
			sourceTree = "<group>";
		};
		8BC36E931EA9E087002C6A2C /* background */ = {
			isa = PBXGroup;
			children = (
				8BC36E941EA9E087002C6A2C /* bg_blue@2x.png */,
				8BC36E951EA9E087002C6A2C /* bg_gold@2x.png */,
				8BC36E961EA9E087002C6A2C /* bg_red@2x.png */,
				8BC36E971EA9E087002C6A2C /* gacha@2x.png */,
			);
			path = background;
			sourceTree = "<group>";
		};
		8BC36E981EA9E087002C6A2C /* Defaults */ = {
			isa = PBXGroup;
			children = (
				8BC36E991EA9E087002C6A2C /* Default-568h@2x.png */,
				8BC36E9A1EA9E087002C6A2C /* Default-667h@2x.png */,
				8BC36E9B1EA9E087002C6A2C /* Default-736h@3x.png */,
			);
			path = Defaults;
			sourceTree = "<group>";
		};
		8BC36E9C1EA9E087002C6A2C /* monster */ = {
			isa = PBXGroup;
			children = (
				8BC36E9D1EA9E087002C6A2C /* monster001.png */,
				8BC36E9E1EA9E087002C6A2C /* monster002.png */,
				8BC36E9F1EA9E087002C6A2C /* monster003.png */,
				8BC36EA01EA9E087002C6A2C /* monster004.png */,
				8BC36EA11EA9E087002C6A2C /* monster005.png */,
				8BC36EA21EA9E087002C6A2C /* monster006.png */,
				8BC36EA31EA9E087002C6A2C /* monster007.png */,
				8BC36EA41EA9E087002C6A2C /* monster008.png */,
				8BC36EA51EA9E087002C6A2C /* monster009.png */,
				8BC36EA61EA9E087002C6A2C /* monster010.png */,
			);
			path = monster;
			sourceTree = "<group>";
		};
/* End PBXGroup section */

/* Begin PBXNativeTarget section */
		8BC36E7C1EA9E055002C6A2C /* GachaTech */ = {
			isa = PBXNativeTarget;
			buildConfigurationList = 8BC36E8F1EA9E055002C6A2C /* Build configuration list for PBXNativeTarget "GachaTech" */;
			buildPhases = (
				8BC36E791EA9E055002C6A2C /* Sources */,
				8BC36E7A1EA9E055002C6A2C /* Frameworks */,
				8BC36E7B1EA9E055002C6A2C /* Resources */,
			);
			buildRules = (
			);
			dependencies = (
			);
			name = GachaTech;
			productName = GachaTech;
			productReference = 8BC36E7D1EA9E055002C6A2C /* GachaTech.app */;
			productType = "com.apple.product-type.application";
		};
/* End PBXNativeTarget section */

/* Begin PBXProject section */
		8BC36E751EA9E055002C6A2C /* Project object */ = {
			isa = PBXProject;
			attributes = {
				LastSwiftUpdateCheck = 0830;
				LastUpgradeCheck = 0830;
				ORGANIZATIONNAME = kokiide;
				TargetAttributes = {
					8BC36E7C1EA9E055002C6A2C = {
						CreatedOnToolsVersion = 8.3.1;
						DevelopmentTeam = XT2293QFD9;
						ProvisioningStyle = Automatic;
					};
				};
			};
			buildConfigurationList = 8BC36E781EA9E055002C6A2C /* Build configuration list for PBXProject "GachaTech" */;
			compatibilityVersion = "Xcode 3.2";
			developmentRegion = English;
			hasScannedForEncodings = 0;
			knownRegions = (
				en,
				Base,
			);
			mainGroup = 8BC36E741EA9E055002C6A2C;
			productRefGroup = 8BC36E7E1EA9E055002C6A2C /* Products */;
			projectDirPath = "";
			projectRoot = "";
			targets = (
				8BC36E7C1EA9E055002C6A2C /* GachaTech */,
			);
		};
/* End PBXProject section */

/* Begin PBXResourcesBuildPhase section */
		8BC36E7B1EA9E055002C6A2C /* Resources */ = {
			isa = PBXResourcesBuildPhase;
			buildActionMask = 2147483647;
			files = (
				8BC36E8B1EA9E055002C6A2C /* LaunchScreen.storyboard in Resources */,
				8BC36EA81EA9E087002C6A2C /* bg_gold@2x.png in Resources */,
				8BC36E881EA9E055002C6A2C /* Assets.xcassets in Resources */,
				8BC36EB51EA9E087002C6A2C /* monster008.png in Resources */,
				8BC36EB41EA9E087002C6A2C /* monster007.png in Resources */,
				8BC36EB01EA9E087002C6A2C /* monster003.png in Resources */,
				8BC36EAF1EA9E087002C6A2C /* monster002.png in Resources */,
				8BC36E861EA9E055002C6A2C /* Main.storyboard in Resources */,
				8BC36EAC1EA9E087002C6A2C /* Default-667h@2x.png in Resources */,
				8BC36EAE1EA9E087002C6A2C /* monster001.png in Resources */,
				8BC36EA71EA9E087002C6A2C /* bg_blue@2x.png in Resources */,
				8BC36EB21EA9E087002C6A2C /* monster005.png in Resources */,
				8BC36EAB1EA9E087002C6A2C /* Default-568h@2x.png in Resources */,
				8BC36EAD1EA9E087002C6A2C /* Default-736h@3x.png in Resources */,
				8BC36EB71EA9E087002C6A2C /* monster010.png in Resources */,
				8BC36EA91EA9E087002C6A2C /* bg_red@2x.png in Resources */,
				8BC36EAA1EA9E087002C6A2C /* gacha@2x.png in Resources */,
				8BC36EB11EA9E087002C6A2C /* monster004.png in Resources */,
				8BC36EB61EA9E087002C6A2C /* monster009.png in Resources */,
				8BC36EB31EA9E087002C6A2C /* monster006.png in Resources */,
			);
			runOnlyForDeploymentPostprocessing = 0;
		};
/* End PBXResourcesBuildPhase section */

/* Begin PBXSourcesBuildPhase section */
		8BC36E791EA9E055002C6A2C /* Sources */ = {
			isa = PBXSourcesBuildPhase;
			buildActionMask = 2147483647;
			files = (
				8BC36E831EA9E055002C6A2C /* ViewController.swift in Sources */,
				8BC36E811EA9E055002C6A2C /* AppDelegate.swift in Sources */,
				8BC36EB91EA9E494002C6A2C /* ResultViewController.swift in Sources */,
			);
			runOnlyForDeploymentPostprocessing = 0;
		};
/* End PBXSourcesBuildPhase section */

/* Begin PBXVariantGroup section */
		8BC36E841EA9E055002C6A2C /* Main.storyboard */ = {
			isa = PBXVariantGroup;
			children = (
				8BC36E851EA9E055002C6A2C /* Base */,
			);
			name = Main.storyboard;
			sourceTree = "<group>";
		};
		8BC36E891EA9E055002C6A2C /* LaunchScreen.storyboard */ = {
			isa = PBXVariantGroup;
			children = (
				8BC36E8A1EA9E055002C6A2C /* Base */,
			);
			name = LaunchScreen.storyboard;
			sourceTree = "<group>";
		};
/* End PBXVariantGroup section */

/* Begin XCBuildConfiguration section */
		8BC36E8D1EA9E055002C6A2C /* Debug */ = {
			isa = XCBuildConfiguration;
			buildSettings = {
				ALWAYS_SEARCH_USER_PATHS = NO;
				CLANG_ANALYZER_NONNULL = YES;
				CLANG_ANALYZER_NUMBER_OBJECT_CONVERSION = YES_AGGRESSIVE;
				CLANG_CXX_LANGUAGE_STANDARD = "gnu++0x";
				CLANG_CXX_LIBRARY = "libc++";
				CLANG_ENABLE_MODULES = YES;
				CLANG_ENABLE_OBJC_ARC = YES;
				CLANG_WARN_BOOL_CONVERSION = YES;
				CLANG_WARN_CONSTANT_CONVERSION = YES;
				CLANG_WARN_DIRECT_OBJC_ISA_USAGE = YES_ERROR;
				CLANG_WARN_DOCUMENTATION_COMMENTS = YES;
				CLANG_WARN_EMPTY_BODY = YES;
				CLANG_WARN_ENUM_CONVERSION = YES;
				CLANG_WARN_INFINITE_RECURSION = YES;
				CLANG_WARN_INT_CONVERSION = YES;
				CLANG_WARN_OBJC_ROOT_CLASS = YES_ERROR;
				CLANG_WARN_SUSPICIOUS_MOVE = YES;
				CLANG_WARN_UNREACHABLE_CODE = YES;
				CLANG_WARN__DUPLICATE_METHOD_MATCH = YES;
				"CODE_SIGN_IDENTITY[sdk=iphoneos*]" = "iPhone Developer";
				COPY_PHASE_STRIP = NO;
				DEBUG_INFORMATION_FORMAT = dwarf;
				ENABLE_STRICT_OBJC_MSGSEND = YES;
				ENABLE_TESTABILITY = YES;
				GCC_C_LANGUAGE_STANDARD = gnu99;
				GCC_DYNAMIC_NO_PIC = NO;
				GCC_NO_COMMON_BLOCKS = YES;
				GCC_OPTIMIZATION_LEVEL = 0;
				GCC_PREPROCESSOR_DEFINITIONS = (
					"DEBUG=1",
					"$(inherited)",
				);
				GCC_WARN_64_TO_32_BIT_CONVERSION = YES;
				GCC_WARN_ABOUT_RETURN_TYPE = YES_ERROR;
				GCC_WARN_UNDECLARED_SELECTOR = YES;
				GCC_WARN_UNINITIALIZED_AUTOS = YES_AGGRESSIVE;
				GCC_WARN_UNUSED_FUNCTION = YES;
				GCC_WARN_UNUSED_VARIABLE = YES;
				IPHONEOS_DEPLOYMENT_TARGET = 10.3;
				MTL_ENABLE_DEBUG_INFO = YES;
				ONLY_ACTIVE_ARCH = YES;
				SDKROOT = iphoneos;
				SWIFT_ACTIVE_COMPILATION_CONDITIONS = DEBUG;
				SWIFT_OPTIMIZATION_LEVEL = "-Onone";
			};
			name = Debug;
		};
		8BC36E8E1EA9E055002C6A2C /* Release */ = {
			isa = XCBuildConfiguration;
			buildSettings = {
				ALWAYS_SEARCH_USER_PATHS = NO;
				CLANG_ANALYZER_NONNULL = YES;
				CLANG_ANALYZER_NUMBER_OBJECT_CONVERSION = YES_AGGRESSIVE;
				CLANG_CXX_LANGUAGE_STANDARD = "gnu++0x";
				CLANG_CXX_LIBRARY = "libc++";
				CLANG_ENABLE_MODULES = YES;
				CLANG_ENABLE_OBJC_ARC = YES;
				CLANG_WARN_BOOL_CONVERSION = YES;
				CLANG_WARN_CONSTANT_CONVERSION = YES;
				CLANG_WARN_DIRECT_OBJC_ISA_USAGE = YES_ERROR;
				CLANG_WARN_DOCUMENTATION_COMMENTS = YES;
				CLANG_WARN_EMPTY_BODY = YES;
				CLANG_WARN_ENUM_CONVERSION = YES;
				CLANG_WARN_INFINITE_RECURSION = YES;
				CLANG_WARN_INT_CONVERSION = YES;
				CLANG_WARN_OBJC_ROOT_CLASS = YES_ERROR;
				CLANG_WARN_SUSPICIOUS_MOVE = YES;
				CLANG_WARN_UNREACHABLE_CODE = YES;
				CLANG_WARN__DUPLICATE_METHOD_MATCH = YES;
				"CODE_SIGN_IDENTITY[sdk=iphoneos*]" = "iPhone Developer";
				COPY_PHASE_STRIP = NO;
				DEBUG_INFORMATION_FORMAT = "dwarf-with-dsym";
				ENABLE_NS_ASSERTIONS = NO;
				ENABLE_STRICT_OBJC_MSGSEND = YES;
				GCC_C_LANGUAGE_STANDARD = gnu99;
				GCC_NO_COMMON_BLOCKS = YES;
				GCC_WARN_64_TO_32_BIT_CONVERSION = YES;
				GCC_WARN_ABOUT_RETURN_TYPE = YES_ERROR;
				GCC_WARN_UNDECLARED_SELECTOR = YES;
				GCC_WARN_UNINITIALIZED_AUTOS = YES_AGGRESSIVE;
				GCC_WARN_UNUSED_FUNCTION = YES;
				GCC_WARN_UNUSED_VARIABLE = YES;
				IPHONEOS_DEPLOYMENT_TARGET = 10.3;
				MTL_ENABLE_DEBUG_INFO = NO;
				SDKROOT = iphoneos;
				SWIFT_OPTIMIZATION_LEVEL = "-Owholemodule";
				VALIDATE_PRODUCT = YES;
			};
			name = Release;
		};
		8BC36E901EA9E055002C6A2C /* Debug */ = {
			isa = XCBuildConfiguration;
			buildSettings = {
				ASSETCATALOG_COMPILER_APPICON_NAME = AppIcon;
				DEVELOPMENT_TEAM = XT2293QFD9;
				INFOPLIST_FILE = GachaTech/Info.plist;
				LD_RUNPATH_SEARCH_PATHS = "$(inherited) @executable_path/Frameworks";
				PRODUCT_BUNDLE_IDENTIFIER = com.kokiide.GachaTech;
				PRODUCT_NAME = "$(TARGET_NAME)";
				SWIFT_VERSION = 3.0;
			};
			name = Debug;
		};
		8BC36E911EA9E055002C6A2C /* Release */ = {
			isa = XCBuildConfiguration;
			buildSettings = {
				ASSETCATALOG_COMPILER_APPICON_NAME = AppIcon;
				DEVELOPMENT_TEAM = XT2293QFD9;
				INFOPLIST_FILE = GachaTech/Info.plist;
				LD_RUNPATH_SEARCH_PATHS = "$(inherited) @executable_path/Frameworks";
				PRODUCT_BUNDLE_IDENTIFIER = com.kokiide.GachaTech;
				PRODUCT_NAME = "$(TARGET_NAME)";
				SWIFT_VERSION = 3.0;
			};
			name = Release;
		};
/* End XCBuildConfiguration section */

/* Begin XCConfigurationList section */
		8BC36E781EA9E055002C6A2C /* Build configuration list for PBXProject "GachaTech" */ = {
			isa = XCConfigurationList;
			buildConfigurations = (
				8BC36E8D1EA9E055002C6A2C /* Debug */,
				8BC36E8E1EA9E055002C6A2C /* Release */,
			);
			defaultConfigurationIsVisible = 0;
			defaultConfigurationName = Release;
		};
		8BC36E8F1EA9E055002C6A2C /* Build configuration list for PBXNativeTarget "GachaTech" */ = {
			isa = XCConfigurationList;
			buildConfigurations = (
				8BC36E901EA9E055002C6A2C /* Debug */,
				8BC36E911EA9E055002C6A2C /* Release */,
			);
			defaultConfigurationIsVisible = 0;
		};
/* End XCConfigurationList section */
	};
	rootObject = 8BC36E751EA9E055002C6A2C /* Project object */;
}
